// !$*UTF8*$!
{
	archiveVersion = 1;
	classes = {
	};
	objectVersion = 46;
	objects = {

/* Begin PBXBuildFile section */
		EB005D0614AD3FF8009A70C9 /* LTKProgressSlider.h in Headers */ = {isa = PBXBuildFile; fileRef = EB005D0414AD3FF8009A70C9 /* LTKProgressSlider.h */; };
		EB005D0714AD3FF8009A70C9 /* LTKProgressSlider.m in Sources */ = {isa = PBXBuildFile; fileRef = EB005D0514AD3FF8009A70C9 /* LTKProgressSlider.m */; };
		EB005D0A14AD40E5009A70C9 /* LTKitClasses.h in Headers */ = {isa = PBXBuildFile; fileRef = EB005D0914AD40E4009A70C9 /* LTKitClasses.h */; };
		EB005D1314AF8A80009A70C9 /* LTPToyChooserViewController.m in Sources */ = {isa = PBXBuildFile; fileRef = EB005D1214AF8A80009A70C9 /* LTPToyChooserViewController.m */; };
		EB005D1614AF8E22009A70C9 /* LTPProgressSliderViewController.m in Sources */ = {isa = PBXBuildFile; fileRef = EB005D1514AF8E22009A70C9 /* LTPProgressSliderViewController.m */; };
		EB005D1B14AF9B02009A70C9 /* LTPStoryboardiPad.storyboard in Resources */ = {isa = PBXBuildFile; fileRef = EB005D1914AF9B02009A70C9 /* LTPStoryboardiPad.storyboard */; };
		EB005D1C14AF9B02009A70C9 /* LTPStoryboardiPhone.storyboard in Resources */ = {isa = PBXBuildFile; fileRef = EB005D1A14AF9B02009A70C9 /* LTPStoryboardiPhone.storyboard */; };
		EB005D1E14AF9B0C009A70C9 /* LTKit.bundle in Resources */ = {isa = PBXBuildFile; fileRef = EB005D1D14AF9B0C009A70C9 /* LTKit.bundle */; };
		EB005D2314AFEE73009A70C9 /* QuartzCore.framework in Frameworks */ = {isa = PBXBuildFile; fileRef = EB005D2014AFE81D009A70C9 /* QuartzCore.framework */; };
		EB1CDB32141DB07700729A2D /* Foundation.framework in Frameworks */ = {isa = PBXBuildFile; fileRef = EB1CDB31141DB07700729A2D /* Foundation.framework */; };
		EB1CDB40141DB07800729A2D /* SenTestingKit.framework in Frameworks */ = {isa = PBXBuildFile; fileRef = EB1CDB3F141DB07800729A2D /* SenTestingKit.framework */; };
		EB1CDB43141DB07800729A2D /* Foundation.framework in Frameworks */ = {isa = PBXBuildFile; fileRef = EB1CDB31141DB07700729A2D /* Foundation.framework */; };
		EB1CDB46141DB07800729A2D /* libLTKit.a in Frameworks */ = {isa = PBXBuildFile; fileRef = EB1CDB2E141DB07700729A2D /* libLTKit.a */; };
		EB1CDB5F141DB46F00729A2D /* Foundation.framework in Frameworks */ = {isa = PBXBuildFile; fileRef = EB1CDB31141DB07700729A2D /* Foundation.framework */; };
		EB1CDB61141DB46F00729A2D /* CoreGraphics.framework in Frameworks */ = {isa = PBXBuildFile; fileRef = EB1CDB60141DB46F00729A2D /* CoreGraphics.framework */; };
		EB1CDB77141DB63000729A2D /* LTKit.h in Headers */ = {isa = PBXBuildFile; fileRef = EB1CDB74141DB63000729A2D /* LTKit.h */; };
		EB1CDB8F141DB63F00729A2D /* LTKUIViewCategoryTests.m in Sources */ = {isa = PBXBuildFile; fileRef = EB1CDB8A141DB63F00729A2D /* LTKUIViewCategoryTests.m */; };
		EB1CDB90141DB63F00729A2D /* InfoPlist.strings in Resources */ = {isa = PBXBuildFile; fileRef = EB1CDB8C141DB63F00729A2D /* InfoPlist.strings */; };
		EB1CDB93141DB6D000729A2D /* UIKit.framework in Frameworks */ = {isa = PBXBuildFile; fileRef = EB1CDB92141DB6D000729A2D /* UIKit.framework */; };
		EB1CDB94141DB6F200729A2D /* libLTKit.a in Frameworks */ = {isa = PBXBuildFile; fileRef = EB1CDB2E141DB07700729A2D /* libLTKit.a */; };
		EB1CDB9C141DC09900729A2D /* UIView+LTKAdditions.h in Headers */ = {isa = PBXBuildFile; fileRef = EB1CDB9A141DC09900729A2D /* UIView+LTKAdditions.h */; };
		EB1CDB9D141DC09900729A2D /* UIView+LTKAdditions.m in Sources */ = {isa = PBXBuildFile; fileRef = EB1CDB9B141DC09900729A2D /* UIView+LTKAdditions.m */; };
		EB1CDB9F141DC25100729A2D /* LTKitCategories.h in Headers */ = {isa = PBXBuildFile; fileRef = EB1CDB9E141DC25100729A2D /* LTKitCategories.h */; };
		EB40BAB814B00CCA006DD25D /* UIKit.framework in Frameworks */ = {isa = PBXBuildFile; fileRef = EB1CDB92141DB6D000729A2D /* UIKit.framework */; };
		EB40BABA14B00CEA006DD25D /* CoreGraphics.framework in Frameworks */ = {isa = PBXBuildFile; fileRef = EB1CDB60141DB46F00729A2D /* CoreGraphics.framework */; };
		EB40BABB14B00CEE006DD25D /* QuartzCore.framework in Frameworks */ = {isa = PBXBuildFile; fileRef = EB005D2014AFE81D009A70C9 /* QuartzCore.framework */; };
		EB40BAC714B13EC1006DD25D /* LTPProgressSliderThumb.png in Resources */ = {isa = PBXBuildFile; fileRef = EB40BAC514B13EC1006DD25D /* LTPProgressSliderThumb.png */; };
		EB40BAC814B13EC1006DD25D /* LTPProgressSliderThumb@2x.png in Resources */ = {isa = PBXBuildFile; fileRef = EB40BAC614B13EC1006DD25D /* LTPProgressSliderThumb@2x.png */; };
		EB40BAD114B171A5006DD25D /* LTPProgressSliderThumbnail@2x.png in Resources */ = {isa = PBXBuildFile; fileRef = EB40BACF14B171A5006DD25D /* LTPProgressSliderThumbnail@2x.png */; };
		EB40BAD214B171A5006DD25D /* LTPProgressSliderThumbnail.png in Resources */ = {isa = PBXBuildFile; fileRef = EB40BAD014B171A5006DD25D /* LTPProgressSliderThumbnail.png */; };
		EB40BAD514B21B0C006DD25D /* NSTimer+LTKAdditions.h in Headers */ = {isa = PBXBuildFile; fileRef = EB40BAD314B21B0C006DD25D /* NSTimer+LTKAdditions.h */; };
		EB40BAD614B21B0C006DD25D /* NSTimer+LTKAdditions.m in Sources */ = {isa = PBXBuildFile; fileRef = EB40BAD414B21B0C006DD25D /* NSTimer+LTKAdditions.m */; };
		EB40BB6E14B733FF006DD25D /* NSObject+LTKAdditions.h in Headers */ = {isa = PBXBuildFile; fileRef = EB40BB6C14B733FF006DD25D /* NSObject+LTKAdditions.h */; };
		EB40BB6F14B733FF006DD25D /* NSObject+LTKAdditions.m in Sources */ = {isa = PBXBuildFile; fileRef = EB40BB6D14B733FF006DD25D /* NSObject+LTKAdditions.m */; };
		EB40BB7314B73457006DD25D /* LTKNSObjectCategoryTests.m in Sources */ = {isa = PBXBuildFile; fileRef = EB40BB7214B73457006DD25D /* LTKNSObjectCategoryTests.m */; };
		EB40BB7614B73468006DD25D /* LTKNSTimerCategoryTests.m in Sources */ = {isa = PBXBuildFile; fileRef = EB40BB7514B73468006DD25D /* LTKNSTimerCategoryTests.m */; };
		EB40BB7A14B73484006DD25D /* LTKProgressSliderTests.m in Sources */ = {isa = PBXBuildFile; fileRef = EB40BB7914B73484006DD25D /* LTKProgressSliderTests.m */; };
		EB40BB7D14B7505C006DD25D /* CALayer+LTKAdditions.h in Headers */ = {isa = PBXBuildFile; fileRef = EB40BB7B14B7505C006DD25D /* CALayer+LTKAdditions.h */; };
		EB40BB7E14B7505C006DD25D /* CALayer+LTKAdditions.m in Sources */ = {isa = PBXBuildFile; fileRef = EB40BB7C14B7505C006DD25D /* CALayer+LTKAdditions.m */; };
		EB40BB8114B75332006DD25D /* LTKCALayerCategoryTests.m in Sources */ = {isa = PBXBuildFile; fileRef = EB40BB8014B75332006DD25D /* LTKCALayerCategoryTests.m */; };
		EB40D5621495D63E006C24CC /* UIKit.framework in Frameworks */ = {isa = PBXBuildFile; fileRef = EB1CDB92141DB6D000729A2D /* UIKit.framework */; };
		EB40D5631495D644006C24CC /* CoreGraphics.framework in Frameworks */ = {isa = PBXBuildFile; fileRef = EB1CDB60141DB46F00729A2D /* CoreGraphics.framework */; };
		EB6A49A714BF726300D41934 /* AVCaptureSession+LTKAdditions.h in Headers */ = {isa = PBXBuildFile; fileRef = EB6A49A514BF726300D41934 /* AVCaptureSession+LTKAdditions.h */; };
		EB6A49A814BF726300D41934 /* AVCaptureSession+LTKAdditions.m in Sources */ = {isa = PBXBuildFile; fileRef = EB6A49A614BF726300D41934 /* AVCaptureSession+LTKAdditions.m */; };
		EB6F265114A21E6900347EE1 /* LTKMath.h in Headers */ = {isa = PBXBuildFile; fileRef = EB6F265014A21E6900347EE1 /* LTKMath.h */; };
		EB6F265714A2241F00347EE1 /* LTKGeometryTests.m in Sources */ = {isa = PBXBuildFile; fileRef = EB6F265614A2241F00347EE1 /* LTKGeometryTests.m */; };
		EB6F265A14A227A200347EE1 /* LTKMathTests.m in Sources */ = {isa = PBXBuildFile; fileRef = EB6F265914A227A200347EE1 /* LTKMathTests.m */; };
		EB84FC7214CF5BD00086C5A4 /* UIImage+LTKAdditions.h in Headers */ = {isa = PBXBuildFile; fileRef = EB84FC7014CF5BD00086C5A4 /* UIImage+LTKAdditions.h */; };
		EB84FC7314CF5BD00086C5A4 /* UIImage+LTKAdditions.m in Sources */ = {isa = PBXBuildFile; fileRef = EB84FC7114CF5BD00086C5A4 /* UIImage+LTKAdditions.m */; };
		EB84FC7714CF5C340086C5A4 /* LTKUIImageCategoryTests.m in Sources */ = {isa = PBXBuildFile; fileRef = EB84FC7614CF5C340086C5A4 /* LTKUIImageCategoryTests.m */; };
		EB963EC614BFC81B00016509 /* LTKAVCaptureSessionCategoryTests.m in Sources */ = {isa = PBXBuildFile; fileRef = EB963EC514BFC81B00016509 /* LTKAVCaptureSessionCategoryTests.m */; };
		EBA760A414A0D7ED009713E2 /* UIImageView+LTKAdditions.h in Headers */ = {isa = PBXBuildFile; fileRef = EBA760A214A0D7ED009713E2 /* UIImageView+LTKAdditions.h */; };
		EBA760A514A0D7ED009713E2 /* UIImageView+LTKAdditions.m in Sources */ = {isa = PBXBuildFile; fileRef = EBA760A314A0D7ED009713E2 /* UIImageView+LTKAdditions.m */; };
		EBA760A914A0D81A009713E2 /* LTKUIImageViewCategoryTests.m in Sources */ = {isa = PBXBuildFile; fileRef = EBA760A814A0D81A009713E2 /* LTKUIImageViewCategoryTests.m */; };
		EBA760AD14A0DD4E009713E2 /* LTKUIImageViewCategoryTestsSample.png in Resources */ = {isa = PBXBuildFile; fileRef = EBA760AC14A0DD4E009713E2 /* LTKUIImageViewCategoryTestsSample.png */; };
		EBA760AF14A0E108009713E2 /* LTKUIImageViewCategoryTestsSampleHighlighted.png in Resources */ = {isa = PBXBuildFile; fileRef = EBA760AE14A0E108009713E2 /* LTKUIImageViewCategoryTestsSampleHighlighted.png */; };
		EBA760B714A0F07F009713E2 /* LTKitUtilities.h in Headers */ = {isa = PBXBuildFile; fileRef = EBA760B614A0F07F009713E2 /* LTKitUtilities.h */; };
		EBA760BA14A0FFDB009713E2 /* UIGestureRecognizer+LTKAdditions.h in Headers */ = {isa = PBXBuildFile; fileRef = EBA760B814A0FFDB009713E2 /* UIGestureRecognizer+LTKAdditions.h */; };
		EBA760BB14A0FFDB009713E2 /* UIGestureRecognizer+LTKAdditions.m in Sources */ = {isa = PBXBuildFile; fileRef = EBA760B914A0FFDB009713E2 /* UIGestureRecognizer+LTKAdditions.m */; };
		EBA760C314A1009A009713E2 /* LTKUIGestureRecognizerCategoryTests.m in Sources */ = {isa = PBXBuildFile; fileRef = EBA760C214A1009A009713E2 /* LTKUIGestureRecognizerCategoryTests.m */; };
		EBACB14314C61C29009F9D26 /* UIColor+LTKAdditions.h in Headers */ = {isa = PBXBuildFile; fileRef = EBACB14114C61C29009F9D26 /* UIColor+LTKAdditions.h */; };
		EBACB14414C61C29009F9D26 /* UIColor+LTKAdditions.m in Sources */ = {isa = PBXBuildFile; fileRef = EBACB14214C61C29009F9D26 /* UIColor+LTKAdditions.m */; };
		EBACB14814C62800009F9D26 /* LTKUIColorCategoryTests.m in Sources */ = {isa = PBXBuildFile; fileRef = EBACB14714C62800009F9D26 /* LTKUIColorCategoryTests.m */; };
		EBACB16314C77489009F9D26 /* NSArray+LTKAdditions.h in Headers */ = {isa = PBXBuildFile; fileRef = EBACB16114C77488009F9D26 /* NSArray+LTKAdditions.h */; };
		EBACB16414C77489009F9D26 /* NSArray+LTKAdditions.m in Sources */ = {isa = PBXBuildFile; fileRef = EBACB16214C77488009F9D26 /* NSArray+LTKAdditions.m */; };
		EBACB16714C77551009F9D26 /* LTKNSArrayCategoryTests.m in Sources */ = {isa = PBXBuildFile; fileRef = EBACB16614C77551009F9D26 /* LTKNSArrayCategoryTests.m */; };
		EBACB16A14C77602009F9D26 /* NSString+LTKAdditions.h in Headers */ = {isa = PBXBuildFile; fileRef = EBACB16814C77600009F9D26 /* NSString+LTKAdditions.h */; };
		EBACB16B14C77602009F9D26 /* NSString+LTKAdditions.m in Sources */ = {isa = PBXBuildFile; fileRef = EBACB16914C77601009F9D26 /* NSString+LTKAdditions.m */; };
		EBACB16E14C77993009F9D26 /* LTKNSStringCategoryTests.m in Sources */ = {isa = PBXBuildFile; fileRef = EBACB16D14C77992009F9D26 /* LTKNSStringCategoryTests.m */; };
		EBACB17614C8077D009F9D26 /* LTKGeometry.m in Sources */ = {isa = PBXBuildFile; fileRef = EBACB17514C8077D009F9D26 /* LTKGeometry.m */; };
		EBACB18114CB7ED1009F9D26 /* UIStoryboard+LTKAdditions.h in Headers */ = {isa = PBXBuildFile; fileRef = EBACB17F14CB7ED1009F9D26 /* UIStoryboard+LTKAdditions.h */; };
		EBACB18214CB7ED1009F9D26 /* UIStoryboard+LTKAdditions.m in Sources */ = {isa = PBXBuildFile; fileRef = EBACB18014CB7ED1009F9D26 /* UIStoryboard+LTKAdditions.m */; };
		EBACB18614CB81C6009F9D26 /* LTKUIStoryboardCategoryTests.m in Sources */ = {isa = PBXBuildFile; fileRef = EBACB18514CB81C6009F9D26 /* LTKUIStoryboardCategoryTests.m */; };
		EBACB18914CB8718009F9D26 /* UIViewController+LTKAdditions.h in Headers */ = {isa = PBXBuildFile; fileRef = EBACB18714CB8717009F9D26 /* UIViewController+LTKAdditions.h */; };
		EBACB18A14CB8718009F9D26 /* UIViewController+LTKAdditions.m in Sources */ = {isa = PBXBuildFile; fileRef = EBACB18814CB8717009F9D26 /* UIViewController+LTKAdditions.m */; };
		EBACB18D14CB87E9009F9D26 /* LTKUIViewControllerCategoryTests.m in Sources */ = {isa = PBXBuildFile; fileRef = EBACB18C14CB87E8009F9D26 /* LTKUIViewControllerCategoryTests.m */; };
		EBC92B7A14DCC41200CE6232 /* Accelerate.framework in Frameworks */ = {isa = PBXBuildFile; fileRef = EBC92B7914DCC41200CE6232 /* Accelerate.framework */; };
		EBF72BDE1445200F009C9B5E /* LTPAppDelegate.m in Sources */ = {isa = PBXBuildFile; fileRef = EBF72BD41445200F009C9B5E /* LTPAppDelegate.m */; };
		EBF72BE11445200F009C9B5E /* InfoPlist.strings in Resources */ = {isa = PBXBuildFile; fileRef = EBF72BD91445200F009C9B5E /* InfoPlist.strings */; };
		EBF72BE31445200F009C9B5E /* main.m in Sources */ = {isa = PBXBuildFile; fileRef = EBF72BDD1445200F009C9B5E /* main.m */; };
/* End PBXBuildFile section */

/* Begin PBXContainerItemProxy section */
		EB1CDB44141DB07800729A2D /* PBXContainerItemProxy */ = {
			isa = PBXContainerItemProxy;
			containerPortal = EB1CDB25141DB07700729A2D /* Project object */;
			proxyType = 1;
			remoteGlobalIDString = EB1CDB2D141DB07700729A2D;
			remoteInfo = LTKit;
		};
		EB40BABE14B01B50006DD25D /* PBXContainerItemProxy */ = {
			isa = PBXContainerItemProxy;
			containerPortal = EB1CDB25141DB07700729A2D /* Project object */;
			proxyType = 1;
			remoteGlobalIDString = EB1CDB2D141DB07700729A2D;
			remoteInfo = LTKit;
		};
/* End PBXContainerItemProxy section */

/* Begin PBXFileReference section */
		EB005D0414AD3FF8009A70C9 /* LTKProgressSlider.h */ = {isa = PBXFileReference; fileEncoding = 4; lastKnownFileType = sourcecode.c.h; path = LTKProgressSlider.h; sourceTree = "<group>"; };
		EB005D0514AD3FF8009A70C9 /* LTKProgressSlider.m */ = {isa = PBXFileReference; fileEncoding = 4; lastKnownFileType = sourcecode.c.objc; path = LTKProgressSlider.m; sourceTree = "<group>"; };
		EB005D0914AD40E4009A70C9 /* LTKitClasses.h */ = {isa = PBXFileReference; fileEncoding = 4; lastKnownFileType = sourcecode.c.h; path = LTKitClasses.h; sourceTree = "<group>"; };
		EB005D1114AF8A80009A70C9 /* LTPToyChooserViewController.h */ = {isa = PBXFileReference; fileEncoding = 4; lastKnownFileType = sourcecode.c.h; path = LTPToyChooserViewController.h; sourceTree = "<group>"; };
		EB005D1214AF8A80009A70C9 /* LTPToyChooserViewController.m */ = {isa = PBXFileReference; fileEncoding = 4; lastKnownFileType = sourcecode.c.objc; path = LTPToyChooserViewController.m; sourceTree = "<group>"; };
		EB005D1414AF8E22009A70C9 /* LTPProgressSliderViewController.h */ = {isa = PBXFileReference; fileEncoding = 4; lastKnownFileType = sourcecode.c.h; path = LTPProgressSliderViewController.h; sourceTree = "<group>"; };
		EB005D1514AF8E22009A70C9 /* LTPProgressSliderViewController.m */ = {isa = PBXFileReference; fileEncoding = 4; lastKnownFileType = sourcecode.c.objc; path = LTPProgressSliderViewController.m; sourceTree = "<group>"; };
		EB005D1914AF9B02009A70C9 /* LTPStoryboardiPad.storyboard */ = {isa = PBXFileReference; fileEncoding = 4; lastKnownFileType = file.storyboard; path = LTPStoryboardiPad.storyboard; sourceTree = "<group>"; };
		EB005D1A14AF9B02009A70C9 /* LTPStoryboardiPhone.storyboard */ = {isa = PBXFileReference; fileEncoding = 4; lastKnownFileType = file.storyboard; path = LTPStoryboardiPhone.storyboard; sourceTree = "<group>"; };
		EB005D1D14AF9B0C009A70C9 /* LTKit.bundle */ = {isa = PBXFileReference; lastKnownFileType = "wrapper.plug-in"; name = LTKit.bundle; path = LTKit/LTKit.bundle; sourceTree = SOURCE_ROOT; };
		EB005D2014AFE81D009A70C9 /* QuartzCore.framework */ = {isa = PBXFileReference; lastKnownFileType = wrapper.framework; name = QuartzCore.framework; path = System/Library/Frameworks/QuartzCore.framework; sourceTree = SDKROOT; };
		EB1CDB2E141DB07700729A2D /* libLTKit.a */ = {isa = PBXFileReference; explicitFileType = archive.ar; includeInIndex = 0; path = libLTKit.a; sourceTree = BUILT_PRODUCTS_DIR; };
		EB1CDB31141DB07700729A2D /* Foundation.framework */ = {isa = PBXFileReference; lastKnownFileType = wrapper.framework; name = Foundation.framework; path = System/Library/Frameworks/Foundation.framework; sourceTree = SDKROOT; };
		EB1CDB3E141DB07800729A2D /* LTKitTests.octest */ = {isa = PBXFileReference; explicitFileType = wrapper.cfbundle; includeInIndex = 0; path = LTKitTests.octest; sourceTree = BUILT_PRODUCTS_DIR; };
		EB1CDB3F141DB07800729A2D /* SenTestingKit.framework */ = {isa = PBXFileReference; lastKnownFileType = wrapper.framework; name = SenTestingKit.framework; path = Library/Frameworks/SenTestingKit.framework; sourceTree = DEVELOPER_DIR; };
		EB1CDB5C141DB46E00729A2D /* LTPlayground.app */ = {isa = PBXFileReference; explicitFileType = wrapper.application; includeInIndex = 0; path = LTPlayground.app; sourceTree = BUILT_PRODUCTS_DIR; };
		EB1CDB60141DB46F00729A2D /* CoreGraphics.framework */ = {isa = PBXFileReference; lastKnownFileType = wrapper.framework; name = CoreGraphics.framework; path = System/Library/Frameworks/CoreGraphics.framework; sourceTree = SDKROOT; };
		EB1CDB74141DB63000729A2D /* LTKit.h */ = {isa = PBXFileReference; fileEncoding = 4; lastKnownFileType = sourcecode.c.h; lineEnding = 0; path = LTKit.h; sourceTree = "<group>"; xcLanguageSpecificationIdentifier = xcode.lang.objcpp; };
		EB1CDB89141DB63F00729A2D /* LTKUIViewCategoryTests.h */ = {isa = PBXFileReference; fileEncoding = 4; lastKnownFileType = sourcecode.c.h; path = LTKUIViewCategoryTests.h; sourceTree = "<group>"; };
		EB1CDB8A141DB63F00729A2D /* LTKUIViewCategoryTests.m */ = {isa = PBXFileReference; fileEncoding = 4; lastKnownFileType = sourcecode.c.objc; path = LTKUIViewCategoryTests.m; sourceTree = "<group>"; };
		EB1CDB8D141DB63F00729A2D /* en */ = {isa = PBXFileReference; lastKnownFileType = text.plist.strings; name = en; path = en.lproj/InfoPlist.strings; sourceTree = "<group>"; };
		EB1CDB8E141DB63F00729A2D /* LTKitTests-Info.plist */ = {isa = PBXFileReference; fileEncoding = 4; lastKnownFileType = text.plist.xml; path = "LTKitTests-Info.plist"; sourceTree = "<group>"; };
		EB1CDB92141DB6D000729A2D /* UIKit.framework */ = {isa = PBXFileReference; lastKnownFileType = wrapper.framework; name = UIKit.framework; path = System/Library/Frameworks/UIKit.framework; sourceTree = SDKROOT; };
		EB1CDB9A141DC09900729A2D /* UIView+LTKAdditions.h */ = {isa = PBXFileReference; fileEncoding = 4; lastKnownFileType = sourcecode.c.h; path = "UIView+LTKAdditions.h"; sourceTree = "<group>"; };
		EB1CDB9B141DC09900729A2D /* UIView+LTKAdditions.m */ = {isa = PBXFileReference; fileEncoding = 4; lastKnownFileType = sourcecode.c.objc; path = "UIView+LTKAdditions.m"; sourceTree = "<group>"; };
		EB1CDB9E141DC25100729A2D /* LTKitCategories.h */ = {isa = PBXFileReference; fileEncoding = 4; lastKnownFileType = sourcecode.c.h; path = LTKitCategories.h; sourceTree = "<group>"; };
		EB40BAC514B13EC1006DD25D /* LTPProgressSliderThumb.png */ = {isa = PBXFileReference; lastKnownFileType = image.png; path = LTPProgressSliderThumb.png; sourceTree = "<group>"; };
		EB40BAC614B13EC1006DD25D /* LTPProgressSliderThumb@2x.png */ = {isa = PBXFileReference; lastKnownFileType = image.png; path = "LTPProgressSliderThumb@2x.png"; sourceTree = "<group>"; };
		EB40BACF14B171A5006DD25D /* LTPProgressSliderThumbnail@2x.png */ = {isa = PBXFileReference; lastKnownFileType = image.png; path = "LTPProgressSliderThumbnail@2x.png"; sourceTree = "<group>"; };
		EB40BAD014B171A5006DD25D /* LTPProgressSliderThumbnail.png */ = {isa = PBXFileReference; lastKnownFileType = image.png; path = LTPProgressSliderThumbnail.png; sourceTree = "<group>"; };
		EB40BAD314B21B0C006DD25D /* NSTimer+LTKAdditions.h */ = {isa = PBXFileReference; fileEncoding = 4; lastKnownFileType = sourcecode.c.h; path = "NSTimer+LTKAdditions.h"; sourceTree = "<group>"; };
		EB40BAD414B21B0C006DD25D /* NSTimer+LTKAdditions.m */ = {isa = PBXFileReference; fileEncoding = 4; lastKnownFileType = sourcecode.c.objc; path = "NSTimer+LTKAdditions.m"; sourceTree = "<group>"; };
		EB40BB6C14B733FF006DD25D /* NSObject+LTKAdditions.h */ = {isa = PBXFileReference; fileEncoding = 4; lastKnownFileType = sourcecode.c.h; path = "NSObject+LTKAdditions.h"; sourceTree = "<group>"; };
		EB40BB6D14B733FF006DD25D /* NSObject+LTKAdditions.m */ = {isa = PBXFileReference; fileEncoding = 4; lastKnownFileType = sourcecode.c.objc; path = "NSObject+LTKAdditions.m"; sourceTree = "<group>"; };
		EB40BB7114B73457006DD25D /* LTKNSObjectCategoryTests.h */ = {isa = PBXFileReference; fileEncoding = 4; lastKnownFileType = sourcecode.c.h; path = LTKNSObjectCategoryTests.h; sourceTree = "<group>"; };
		EB40BB7214B73457006DD25D /* LTKNSObjectCategoryTests.m */ = {isa = PBXFileReference; fileEncoding = 4; lastKnownFileType = sourcecode.c.objc; path = LTKNSObjectCategoryTests.m; sourceTree = "<group>"; };
		EB40BB7414B73468006DD25D /* LTKNSTimerCategoryTests.h */ = {isa = PBXFileReference; fileEncoding = 4; lastKnownFileType = sourcecode.c.h; path = LTKNSTimerCategoryTests.h; sourceTree = "<group>"; };
		EB40BB7514B73468006DD25D /* LTKNSTimerCategoryTests.m */ = {isa = PBXFileReference; fileEncoding = 4; lastKnownFileType = sourcecode.c.objc; path = LTKNSTimerCategoryTests.m; sourceTree = "<group>"; };
		EB40BB7814B73484006DD25D /* LTKProgressSliderTests.h */ = {isa = PBXFileReference; fileEncoding = 4; lastKnownFileType = sourcecode.c.h; path = LTKProgressSliderTests.h; sourceTree = "<group>"; };
		EB40BB7914B73484006DD25D /* LTKProgressSliderTests.m */ = {isa = PBXFileReference; fileEncoding = 4; lastKnownFileType = sourcecode.c.objc; path = LTKProgressSliderTests.m; sourceTree = "<group>"; };
		EB40BB7B14B7505C006DD25D /* CALayer+LTKAdditions.h */ = {isa = PBXFileReference; fileEncoding = 4; lastKnownFileType = sourcecode.c.h; path = "CALayer+LTKAdditions.h"; sourceTree = "<group>"; };
		EB40BB7C14B7505C006DD25D /* CALayer+LTKAdditions.m */ = {isa = PBXFileReference; fileEncoding = 4; lastKnownFileType = sourcecode.c.objc; lineEnding = 0; path = "CALayer+LTKAdditions.m"; sourceTree = "<group>"; xcLanguageSpecificationIdentifier = xcode.lang.objc; };
		EB40BB7F14B75332006DD25D /* LTKCALayerCategoryTests.h */ = {isa = PBXFileReference; fileEncoding = 4; lastKnownFileType = sourcecode.c.h; path = LTKCALayerCategoryTests.h; sourceTree = "<group>"; };
		EB40BB8014B75332006DD25D /* LTKCALayerCategoryTests.m */ = {isa = PBXFileReference; fileEncoding = 4; lastKnownFileType = sourcecode.c.objc; path = LTKCALayerCategoryTests.m; sourceTree = "<group>"; };
		EB6A49A514BF726300D41934 /* AVCaptureSession+LTKAdditions.h */ = {isa = PBXFileReference; fileEncoding = 4; lastKnownFileType = sourcecode.c.h; path = "AVCaptureSession+LTKAdditions.h"; sourceTree = "<group>"; };
		EB6A49A614BF726300D41934 /* AVCaptureSession+LTKAdditions.m */ = {isa = PBXFileReference; fileEncoding = 4; lastKnownFileType = sourcecode.c.objc; lineEnding = 0; path = "AVCaptureSession+LTKAdditions.m"; sourceTree = "<group>"; xcLanguageSpecificationIdentifier = xcode.lang.objc; };
		EB6F265014A21E6900347EE1 /* LTKMath.h */ = {isa = PBXFileReference; fileEncoding = 4; lastKnownFileType = sourcecode.c.h; path = LTKMath.h; sourceTree = "<group>"; };
		EB6F265514A2241F00347EE1 /* LTKGeometryTests.h */ = {isa = PBXFileReference; fileEncoding = 4; lastKnownFileType = sourcecode.c.h; path = LTKGeometryTests.h; sourceTree = "<group>"; };
		EB6F265614A2241F00347EE1 /* LTKGeometryTests.m */ = {isa = PBXFileReference; fileEncoding = 4; lastKnownFileType = sourcecode.c.objc; path = LTKGeometryTests.m; sourceTree = "<group>"; };
		EB6F265814A227A200347EE1 /* LTKMathTests.h */ = {isa = PBXFileReference; fileEncoding = 4; lastKnownFileType = sourcecode.c.h; path = LTKMathTests.h; sourceTree = "<group>"; };
		EB6F265914A227A200347EE1 /* LTKMathTests.m */ = {isa = PBXFileReference; fileEncoding = 4; lastKnownFileType = sourcecode.c.objc; path = LTKMathTests.m; sourceTree = "<group>"; };
		EB84FC7014CF5BD00086C5A4 /* UIImage+LTKAdditions.h */ = {isa = PBXFileReference; fileEncoding = 4; lastKnownFileType = sourcecode.c.h; path = "UIImage+LTKAdditions.h"; sourceTree = "<group>"; };
		EB84FC7114CF5BD00086C5A4 /* UIImage+LTKAdditions.m */ = {isa = PBXFileReference; fileEncoding = 4; lastKnownFileType = sourcecode.c.objc; path = "UIImage+LTKAdditions.m"; sourceTree = "<group>"; };
		EB84FC7514CF5C340086C5A4 /* LTKUIImageCategoryTests.h */ = {isa = PBXFileReference; fileEncoding = 4; lastKnownFileType = sourcecode.c.h; path = LTKUIImageCategoryTests.h; sourceTree = "<group>"; };
		EB84FC7614CF5C340086C5A4 /* LTKUIImageCategoryTests.m */ = {isa = PBXFileReference; fileEncoding = 4; lastKnownFileType = sourcecode.c.objc; path = LTKUIImageCategoryTests.m; sourceTree = "<group>"; };
		EB963EC414BFC81B00016509 /* LTKAVCaptureSessionCategoryTests.h */ = {isa = PBXFileReference; fileEncoding = 4; lastKnownFileType = sourcecode.c.h; path = LTKAVCaptureSessionCategoryTests.h; sourceTree = "<group>"; };
		EB963EC514BFC81B00016509 /* LTKAVCaptureSessionCategoryTests.m */ = {isa = PBXFileReference; fileEncoding = 4; lastKnownFileType = sourcecode.c.objc; path = LTKAVCaptureSessionCategoryTests.m; sourceTree = "<group>"; };
		EBA760A214A0D7ED009713E2 /* UIImageView+LTKAdditions.h */ = {isa = PBXFileReference; fileEncoding = 4; lastKnownFileType = sourcecode.c.h; path = "UIImageView+LTKAdditions.h"; sourceTree = "<group>"; };
		EBA760A314A0D7ED009713E2 /* UIImageView+LTKAdditions.m */ = {isa = PBXFileReference; fileEncoding = 4; lastKnownFileType = sourcecode.c.objc; path = "UIImageView+LTKAdditions.m"; sourceTree = "<group>"; };
		EBA760A714A0D81A009713E2 /* LTKUIImageViewCategoryTests.h */ = {isa = PBXFileReference; fileEncoding = 4; lastKnownFileType = sourcecode.c.h; path = LTKUIImageViewCategoryTests.h; sourceTree = "<group>"; };
		EBA760A814A0D81A009713E2 /* LTKUIImageViewCategoryTests.m */ = {isa = PBXFileReference; fileEncoding = 4; lastKnownFileType = sourcecode.c.objc; path = LTKUIImageViewCategoryTests.m; sourceTree = "<group>"; };
		EBA760AC14A0DD4E009713E2 /* LTKUIImageViewCategoryTestsSample.png */ = {isa = PBXFileReference; lastKnownFileType = image.png; path = LTKUIImageViewCategoryTestsSample.png; sourceTree = "<group>"; };
		EBA760AE14A0E108009713E2 /* LTKUIImageViewCategoryTestsSampleHighlighted.png */ = {isa = PBXFileReference; lastKnownFileType = image.png; path = LTKUIImageViewCategoryTestsSampleHighlighted.png; sourceTree = "<group>"; };
		EBA760B514A0F04B009713E2 /* LTKGeometry.h */ = {isa = PBXFileReference; fileEncoding = 4; lastKnownFileType = sourcecode.c.h; lineEnding = 0; path = LTKGeometry.h; sourceTree = "<group>"; xcLanguageSpecificationIdentifier = xcode.lang.objcpp; };
		EBA760B614A0F07F009713E2 /* LTKitUtilities.h */ = {isa = PBXFileReference; fileEncoding = 4; lastKnownFileType = sourcecode.c.h; path = LTKitUtilities.h; sourceTree = "<group>"; };
		EBA760B814A0FFDB009713E2 /* UIGestureRecognizer+LTKAdditions.h */ = {isa = PBXFileReference; fileEncoding = 4; lastKnownFileType = sourcecode.c.h; path = "UIGestureRecognizer+LTKAdditions.h"; sourceTree = "<group>"; };
		EBA760B914A0FFDB009713E2 /* UIGestureRecognizer+LTKAdditions.m */ = {isa = PBXFileReference; fileEncoding = 4; lastKnownFileType = sourcecode.c.objc; path = "UIGestureRecognizer+LTKAdditions.m"; sourceTree = "<group>"; };
		EBA760C114A1009A009713E2 /* LTKUIGestureRecognizerCategoryTests.h */ = {isa = PBXFileReference; fileEncoding = 4; lastKnownFileType = sourcecode.c.h; path = LTKUIGestureRecognizerCategoryTests.h; sourceTree = "<group>"; };
		EBA760C214A1009A009713E2 /* LTKUIGestureRecognizerCategoryTests.m */ = {isa = PBXFileReference; fileEncoding = 4; lastKnownFileType = sourcecode.c.objc; path = LTKUIGestureRecognizerCategoryTests.m; sourceTree = "<group>"; };
		EBACB14114C61C29009F9D26 /* UIColor+LTKAdditions.h */ = {isa = PBXFileReference; fileEncoding = 4; lastKnownFileType = sourcecode.c.h; path = "UIColor+LTKAdditions.h"; sourceTree = "<group>"; };
		EBACB14214C61C29009F9D26 /* UIColor+LTKAdditions.m */ = {isa = PBXFileReference; fileEncoding = 4; lastKnownFileType = sourcecode.c.objc; path = "UIColor+LTKAdditions.m"; sourceTree = "<group>"; };
		EBACB14614C62800009F9D26 /* LTKUIColorCategoryTests.h */ = {isa = PBXFileReference; fileEncoding = 4; lastKnownFileType = sourcecode.c.h; path = LTKUIColorCategoryTests.h; sourceTree = "<group>"; };
		EBACB14714C62800009F9D26 /* LTKUIColorCategoryTests.m */ = {isa = PBXFileReference; fileEncoding = 4; lastKnownFileType = sourcecode.c.objc; path = LTKUIColorCategoryTests.m; sourceTree = "<group>"; };
		EBACB16114C77488009F9D26 /* NSArray+LTKAdditions.h */ = {isa = PBXFileReference; fileEncoding = 4; lastKnownFileType = sourcecode.c.h; path = "NSArray+LTKAdditions.h"; sourceTree = "<group>"; };
		EBACB16214C77488009F9D26 /* NSArray+LTKAdditions.m */ = {isa = PBXFileReference; fileEncoding = 4; lastKnownFileType = sourcecode.c.objc; path = "NSArray+LTKAdditions.m"; sourceTree = "<group>"; };
		EBACB16514C77550009F9D26 /* LTKNSArrayCategoryTests.h */ = {isa = PBXFileReference; fileEncoding = 4; lastKnownFileType = sourcecode.c.h; path = LTKNSArrayCategoryTests.h; sourceTree = "<group>"; };
		EBACB16614C77551009F9D26 /* LTKNSArrayCategoryTests.m */ = {isa = PBXFileReference; fileEncoding = 4; lastKnownFileType = sourcecode.c.objc; path = LTKNSArrayCategoryTests.m; sourceTree = "<group>"; };
		EBACB16814C77600009F9D26 /* NSString+LTKAdditions.h */ = {isa = PBXFileReference; fileEncoding = 4; lastKnownFileType = sourcecode.c.h; path = "NSString+LTKAdditions.h"; sourceTree = "<group>"; };
		EBACB16914C77601009F9D26 /* NSString+LTKAdditions.m */ = {isa = PBXFileReference; fileEncoding = 4; lastKnownFileType = sourcecode.c.objc; path = "NSString+LTKAdditions.m"; sourceTree = "<group>"; };
		EBACB16C14C77992009F9D26 /* LTKNSStringCategoryTests.h */ = {isa = PBXFileReference; fileEncoding = 4; lastKnownFileType = sourcecode.c.h; path = LTKNSStringCategoryTests.h; sourceTree = "<group>"; };
		EBACB16D14C77992009F9D26 /* LTKNSStringCategoryTests.m */ = {isa = PBXFileReference; fileEncoding = 4; lastKnownFileType = sourcecode.c.objc; path = LTKNSStringCategoryTests.m; sourceTree = "<group>"; };
		EBACB17514C8077D009F9D26 /* LTKGeometry.m */ = {isa = PBXFileReference; fileEncoding = 4; lastKnownFileType = sourcecode.c.objc; path = LTKGeometry.m; sourceTree = "<group>"; };
		EBACB17F14CB7ED1009F9D26 /* UIStoryboard+LTKAdditions.h */ = {isa = PBXFileReference; fileEncoding = 4; lastKnownFileType = sourcecode.c.h; path = "UIStoryboard+LTKAdditions.h"; sourceTree = "<group>"; };
		EBACB18014CB7ED1009F9D26 /* UIStoryboard+LTKAdditions.m */ = {isa = PBXFileReference; fileEncoding = 4; lastKnownFileType = sourcecode.c.objc; path = "UIStoryboard+LTKAdditions.m"; sourceTree = "<group>"; };
		EBACB18414CB81C6009F9D26 /* LTKUIStoryboardCategoryTests.h */ = {isa = PBXFileReference; fileEncoding = 4; lastKnownFileType = sourcecode.c.h; path = LTKUIStoryboardCategoryTests.h; sourceTree = "<group>"; };
		EBACB18514CB81C6009F9D26 /* LTKUIStoryboardCategoryTests.m */ = {isa = PBXFileReference; fileEncoding = 4; lastKnownFileType = sourcecode.c.objc; path = LTKUIStoryboardCategoryTests.m; sourceTree = "<group>"; };
		EBACB18714CB8717009F9D26 /* UIViewController+LTKAdditions.h */ = {isa = PBXFileReference; fileEncoding = 4; lastKnownFileType = sourcecode.c.h; path = "UIViewController+LTKAdditions.h"; sourceTree = "<group>"; };
		EBACB18814CB8717009F9D26 /* UIViewController+LTKAdditions.m */ = {isa = PBXFileReference; fileEncoding = 4; lastKnownFileType = sourcecode.c.objc; path = "UIViewController+LTKAdditions.m"; sourceTree = "<group>"; };
		EBACB18B14CB87E8009F9D26 /* LTKUIViewControllerCategoryTests.h */ = {isa = PBXFileReference; fileEncoding = 4; lastKnownFileType = sourcecode.c.h; path = LTKUIViewControllerCategoryTests.h; sourceTree = "<group>"; };
		EBACB18C14CB87E8009F9D26 /* LTKUIViewControllerCategoryTests.m */ = {isa = PBXFileReference; fileEncoding = 4; lastKnownFileType = sourcecode.c.objc; path = LTKUIViewControllerCategoryTests.m; sourceTree = "<group>"; };
		EBC92B7914DCC41200CE6232 /* Accelerate.framework */ = {isa = PBXFileReference; lastKnownFileType = wrapper.framework; name = Accelerate.framework; path = System/Library/Frameworks/Accelerate.framework; sourceTree = SDKROOT; };
		EBF72BD31445200F009C9B5E /* LTPAppDelegate.h */ = {isa = PBXFileReference; fileEncoding = 4; lastKnownFileType = sourcecode.c.h; path = LTPAppDelegate.h; sourceTree = "<group>"; };
		EBF72BD41445200F009C9B5E /* LTPAppDelegate.m */ = {isa = PBXFileReference; fileEncoding = 4; lastKnownFileType = sourcecode.c.objc; path = LTPAppDelegate.m; sourceTree = "<group>"; };
		EBF72BDA1445200F009C9B5E /* en */ = {isa = PBXFileReference; lastKnownFileType = text.plist.strings; name = en; path = en.lproj/InfoPlist.strings; sourceTree = "<group>"; };
		EBF72BDB1445200F009C9B5E /* LTPlayground-Info.plist */ = {isa = PBXFileReference; fileEncoding = 4; lastKnownFileType = text.plist.xml; path = "LTPlayground-Info.plist"; sourceTree = "<group>"; };
		EBF72BDC1445200F009C9B5E /* LTPlayground-Prefix.pch */ = {isa = PBXFileReference; fileEncoding = 4; lastKnownFileType = sourcecode.c.h; path = "LTPlayground-Prefix.pch"; sourceTree = "<group>"; };
		EBF72BDD1445200F009C9B5E /* main.m */ = {isa = PBXFileReference; fileEncoding = 4; lastKnownFileType = sourcecode.c.objc; path = main.m; sourceTree = "<group>"; };
/* End PBXFileReference section */

/* Begin PBXFrameworksBuildPhase section */
		EB1CDB2B141DB07700729A2D /* Frameworks */ = {
			isa = PBXFrameworksBuildPhase;
			buildActionMask = 2147483647;
			files = (
				EBC92B7A14DCC41200CE6232 /* Accelerate.framework in Frameworks */,
				EB40BABA14B00CEA006DD25D /* CoreGraphics.framework in Frameworks */,
				EB1CDB32141DB07700729A2D /* Foundation.framework in Frameworks */,
				EB40BABB14B00CEE006DD25D /* QuartzCore.framework in Frameworks */,
				EB40BAB814B00CCA006DD25D /* UIKit.framework in Frameworks */,
			);
			runOnlyForDeploymentPostprocessing = 0;
		};
		EB1CDB3A141DB07800729A2D /* Frameworks */ = {
			isa = PBXFrameworksBuildPhase;
			buildActionMask = 2147483647;
			files = (
				EB40D5631495D644006C24CC /* CoreGraphics.framework in Frameworks */,
				EB40D5621495D63E006C24CC /* UIKit.framework in Frameworks */,
				EB1CDB40141DB07800729A2D /* SenTestingKit.framework in Frameworks */,
				EB1CDB43141DB07800729A2D /* Foundation.framework in Frameworks */,
				EB1CDB46141DB07800729A2D /* libLTKit.a in Frameworks */,
			);
			runOnlyForDeploymentPostprocessing = 0;
		};
		EB1CDB59141DB46E00729A2D /* Frameworks */ = {
			isa = PBXFrameworksBuildPhase;
			buildActionMask = 2147483647;
			files = (
				EB1CDB94141DB6F200729A2D /* libLTKit.a in Frameworks */,
				EB1CDB61141DB46F00729A2D /* CoreGraphics.framework in Frameworks */,
				EB1CDB5F141DB46F00729A2D /* Foundation.framework in Frameworks */,
				EB005D2314AFEE73009A70C9 /* QuartzCore.framework in Frameworks */,
				EB1CDB93141DB6D000729A2D /* UIKit.framework in Frameworks */,
			);
			runOnlyForDeploymentPostprocessing = 0;
		};
/* End PBXFrameworksBuildPhase section */

/* Begin PBXGroup section */
		EB005D0B14AD418E009A70C9 /* Categories */ = {
			isa = PBXGroup;
			children = (
				EB963EC414BFC81B00016509 /* LTKAVCaptureSessionCategoryTests.h */,
				EB963EC514BFC81B00016509 /* LTKAVCaptureSessionCategoryTests.m */,
				EB40BB7F14B75332006DD25D /* LTKCALayerCategoryTests.h */,
				EB40BB8014B75332006DD25D /* LTKCALayerCategoryTests.m */,
				EBACB16514C77550009F9D26 /* LTKNSArrayCategoryTests.h */,
				EBACB16614C77551009F9D26 /* LTKNSArrayCategoryTests.m */,
				EB40BB7114B73457006DD25D /* LTKNSObjectCategoryTests.h */,
				EB40BB7214B73457006DD25D /* LTKNSObjectCategoryTests.m */,
				EBACB16C14C77992009F9D26 /* LTKNSStringCategoryTests.h */,
				EBACB16D14C77992009F9D26 /* LTKNSStringCategoryTests.m */,
				EB40BB7414B73468006DD25D /* LTKNSTimerCategoryTests.h */,
				EB40BB7514B73468006DD25D /* LTKNSTimerCategoryTests.m */,
				EBACB14614C62800009F9D26 /* LTKUIColorCategoryTests.h */,
				EBACB14714C62800009F9D26 /* LTKUIColorCategoryTests.m */,
				EBA760C114A1009A009713E2 /* LTKUIGestureRecognizerCategoryTests.h */,
				EBA760C214A1009A009713E2 /* LTKUIGestureRecognizerCategoryTests.m */,
				EB84FC7514CF5C340086C5A4 /* LTKUIImageCategoryTests.h */,
				EB84FC7614CF5C340086C5A4 /* LTKUIImageCategoryTests.m */,
				EBA760A714A0D81A009713E2 /* LTKUIImageViewCategoryTests.h */,
				EBA760A814A0D81A009713E2 /* LTKUIImageViewCategoryTests.m */,
				EBACB18414CB81C6009F9D26 /* LTKUIStoryboardCategoryTests.h */,
				EBACB18514CB81C6009F9D26 /* LTKUIStoryboardCategoryTests.m */,
				EB1CDB89141DB63F00729A2D /* LTKUIViewCategoryTests.h */,
				EB1CDB8A141DB63F00729A2D /* LTKUIViewCategoryTests.m */,
				EBACB18B14CB87E8009F9D26 /* LTKUIViewControllerCategoryTests.h */,
				EBACB18C14CB87E8009F9D26 /* LTKUIViewControllerCategoryTests.m */,
			);
			name = Categories;
			sourceTree = "<group>";
		};
		EB005D0C14AD4199009A70C9 /* Utilities */ = {
			isa = PBXGroup;
			children = (
				EB6F265514A2241F00347EE1 /* LTKGeometryTests.h */,
				EB6F265614A2241F00347EE1 /* LTKGeometryTests.m */,
				EB6F265814A227A200347EE1 /* LTKMathTests.h */,
				EB6F265914A227A200347EE1 /* LTKMathTests.m */,
			);
			name = Utilities;
			sourceTree = "<group>";
		};
		EB005D1714AF9B02009A70C9 /* Resources */ = {
			isa = PBXGroup;
			children = (
				EB005D1D14AF9B0C009A70C9 /* LTKit.bundle */,
				EB40BAC414B13EC1006DD25D /* Images */,
				EB005D1814AF9B02009A70C9 /* Interface Builder */,
			);
			path = Resources;
			sourceTree = "<group>";
		};
		EB005D1814AF9B02009A70C9 /* Interface Builder */ = {
			isa = PBXGroup;
			children = (
				EB005D1914AF9B02009A70C9 /* LTPStoryboardiPad.storyboard */,
				EB005D1A14AF9B02009A70C9 /* LTPStoryboardiPhone.storyboard */,
			);
			path = "Interface Builder";
			sourceTree = "<group>";
		};
		EB1CDB23141DB07700729A2D = {
			isa = PBXGroup;
			children = (
				EB1CDB71141DB63000729A2D /* LTKit */,
				EB1CDB87141DB63F00729A2D /* LTKitTests */,
				EBF72BD11445200F009C9B5E /* LTPlayground */,
				EB1CDB30141DB07700729A2D /* Frameworks */,
				EB1CDB2F141DB07700729A2D /* Products */,
			);
			sourceTree = "<group>";
		};
		EB1CDB2F141DB07700729A2D /* Products */ = {
			isa = PBXGroup;
			children = (
				EB1CDB2E141DB07700729A2D /* libLTKit.a */,
				EB1CDB3E141DB07800729A2D /* LTKitTests.octest */,
				EB1CDB5C141DB46E00729A2D /* LTPlayground.app */,
			);
			name = Products;
			sourceTree = "<group>";
		};
		EB1CDB30141DB07700729A2D /* Frameworks */ = {
			isa = PBXGroup;
			children = (
				EBC92B7914DCC41200CE6232 /* Accelerate.framework */,
				EB1CDB60141DB46F00729A2D /* CoreGraphics.framework */,
				EB1CDB31141DB07700729A2D /* Foundation.framework */,
				EB005D2014AFE81D009A70C9 /* QuartzCore.framework */,
				EB1CDB3F141DB07800729A2D /* SenTestingKit.framework */,
				EB1CDB92141DB6D000729A2D /* UIKit.framework */,
			);
			name = Frameworks;
			sourceTree = "<group>";
		};
		EB1CDB71141DB63000729A2D /* LTKit */ = {
			isa = PBXGroup;
			children = (
				EB1CDB74141DB63000729A2D /* LTKit.h */,
				EB1CDB9E141DC25100729A2D /* LTKitCategories.h */,
				EB005D0914AD40E4009A70C9 /* LTKitClasses.h */,
				EBA760B614A0F07F009713E2 /* LTKitUtilities.h */,
				EB1CDB72141DB63000729A2D /* Categories */,
				EB1CDB73141DB63000729A2D /* Classes */,
				EBA760B414A0F03F009713E2 /* Utilities */,
			);
			path = LTKit;
			sourceTree = "<group>";
		};
		EB1CDB72141DB63000729A2D /* Categories */ = {
			isa = PBXGroup;
			children = (
				EB6A49A514BF726300D41934 /* AVCaptureSession+LTKAdditions.h */,
				EB6A49A614BF726300D41934 /* AVCaptureSession+LTKAdditions.m */,
				EB40BB7B14B7505C006DD25D /* CALayer+LTKAdditions.h */,
				EB40BB7C14B7505C006DD25D /* CALayer+LTKAdditions.m */,
				EBACB16114C77488009F9D26 /* NSArray+LTKAdditions.h */,
				EBACB16214C77488009F9D26 /* NSArray+LTKAdditions.m */,
				EB40BB6C14B733FF006DD25D /* NSObject+LTKAdditions.h */,
				EB40BB6D14B733FF006DD25D /* NSObject+LTKAdditions.m */,
				EBACB16814C77600009F9D26 /* NSString+LTKAdditions.h */,
				EBACB16914C77601009F9D26 /* NSString+LTKAdditions.m */,
				EB40BAD314B21B0C006DD25D /* NSTimer+LTKAdditions.h */,
				EB40BAD414B21B0C006DD25D /* NSTimer+LTKAdditions.m */,
				EBACB14114C61C29009F9D26 /* UIColor+LTKAdditions.h */,
				EBACB14214C61C29009F9D26 /* UIColor+LTKAdditions.m */,
				EBA760B814A0FFDB009713E2 /* UIGestureRecognizer+LTKAdditions.h */,
				EBA760B914A0FFDB009713E2 /* UIGestureRecognizer+LTKAdditions.m */,
				EB84FC7014CF5BD00086C5A4 /* UIImage+LTKAdditions.h */,
				EB84FC7114CF5BD00086C5A4 /* UIImage+LTKAdditions.m */,
				EBA760A214A0D7ED009713E2 /* UIImageView+LTKAdditions.h */,
				EBA760A314A0D7ED009713E2 /* UIImageView+LTKAdditions.m */,
				EBACB17F14CB7ED1009F9D26 /* UIStoryboard+LTKAdditions.h */,
				EBACB18014CB7ED1009F9D26 /* UIStoryboard+LTKAdditions.m */,
				EB1CDB9A141DC09900729A2D /* UIView+LTKAdditions.h */,
				EB1CDB9B141DC09900729A2D /* UIView+LTKAdditions.m */,
				EBACB18714CB8717009F9D26 /* UIViewController+LTKAdditions.h */,
				EBACB18814CB8717009F9D26 /* UIViewController+LTKAdditions.m */,
			);
			path = Categories;
			sourceTree = "<group>";
		};
		EB1CDB73141DB63000729A2D /* Classes */ = {
			isa = PBXGroup;
			children = (
				EB005D0414AD3FF8009A70C9 /* LTKProgressSlider.h */,
				EB005D0514AD3FF8009A70C9 /* LTKProgressSlider.m */,
			);
			path = Classes;
			sourceTree = "<group>";
		};
		EB1CDB87141DB63F00729A2D /* LTKitTests */ = {
			isa = PBXGroup;
			children = (
				EBA760AA14A0DD4E009713E2 /* Resources */,
				EB1CDB8B141DB63F00729A2D /* Supporting Files */,
				EB1CDB88141DB63F00729A2D /* Tests */,
			);
			path = LTKitTests;
			sourceTree = "<group>";
		};
		EB1CDB88141DB63F00729A2D /* Tests */ = {
			isa = PBXGroup;
			children = (
				EB005D0B14AD418E009A70C9 /* Categories */,
				EB40BB7714B7346D006DD25D /* Classes */,
				EB005D0C14AD4199009A70C9 /* Utilities */,
			);
			path = Tests;
			sourceTree = "<group>";
		};
		EB1CDB8B141DB63F00729A2D /* Supporting Files */ = {
			isa = PBXGroup;
			children = (
				EB1CDB8C141DB63F00729A2D /* InfoPlist.strings */,
				EB1CDB8E141DB63F00729A2D /* LTKitTests-Info.plist */,
			);
			path = "Supporting Files";
			sourceTree = "<group>";
		};
		EB40BAC414B13EC1006DD25D /* Images */ = {
			isa = PBXGroup;
			children = (
				EB40BAC514B13EC1006DD25D /* LTPProgressSliderThumb.png */,
				EB40BAC614B13EC1006DD25D /* LTPProgressSliderThumb@2x.png */,
				EB40BAD014B171A5006DD25D /* LTPProgressSliderThumbnail.png */,
				EB40BACF14B171A5006DD25D /* LTPProgressSliderThumbnail@2x.png */,
			);
			path = Images;
			sourceTree = "<group>";
		};
		EB40BB7714B7346D006DD25D /* Classes */ = {
			isa = PBXGroup;
			children = (
				EB40BB7814B73484006DD25D /* LTKProgressSliderTests.h */,
				EB40BB7914B73484006DD25D /* LTKProgressSliderTests.m */,
			);
			name = Classes;
			sourceTree = "<group>";
		};
		EBA760AA14A0DD4E009713E2 /* Resources */ = {
			isa = PBXGroup;
			children = (
				EBA760AB14A0DD4E009713E2 /* Images */,
			);
			path = Resources;
			sourceTree = "<group>";
		};
		EBA760AB14A0DD4E009713E2 /* Images */ = {
			isa = PBXGroup;
			children = (
				EBA760AC14A0DD4E009713E2 /* LTKUIImageViewCategoryTestsSample.png */,
				EBA760AE14A0E108009713E2 /* LTKUIImageViewCategoryTestsSampleHighlighted.png */,
			);
			path = Images;
			sourceTree = "<group>";
		};
		EBA760B414A0F03F009713E2 /* Utilities */ = {
			isa = PBXGroup;
			children = (
				EBA760B514A0F04B009713E2 /* LTKGeometry.h */,
				EBACB17514C8077D009F9D26 /* LTKGeometry.m */,
				EB6F265014A21E6900347EE1 /* LTKMath.h */,
			);
			path = Utilities;
			sourceTree = "<group>";
		};
		EBF72BD11445200F009C9B5E /* LTPlayground */ = {
			isa = PBXGroup;
			children = (
				EBF72BD21445200F009C9B5E /* Classes */,
				EB005D1714AF9B02009A70C9 /* Resources */,
				EBF72BD81445200F009C9B5E /* Supporting Files */,
			);
			path = LTPlayground;
			sourceTree = SOURCE_ROOT;
		};
		EBF72BD21445200F009C9B5E /* Classes */ = {
			isa = PBXGroup;
			children = (
				EBF72BD31445200F009C9B5E /* LTPAppDelegate.h */,
				EBF72BD41445200F009C9B5E /* LTPAppDelegate.m */,
				EB005D1114AF8A80009A70C9 /* LTPToyChooserViewController.h */,
				EB005D1214AF8A80009A70C9 /* LTPToyChooserViewController.m */,
				EB005D1414AF8E22009A70C9 /* LTPProgressSliderViewController.h */,
				EB005D1514AF8E22009A70C9 /* LTPProgressSliderViewController.m */,
			);
			path = Classes;
			sourceTree = "<group>";
		};
		EBF72BD81445200F009C9B5E /* Supporting Files */ = {
			isa = PBXGroup;
			children = (
				EBF72BD91445200F009C9B5E /* InfoPlist.strings */,
				EBF72BDB1445200F009C9B5E /* LTPlayground-Info.plist */,
				EBF72BDC1445200F009C9B5E /* LTPlayground-Prefix.pch */,
				EBF72BDD1445200F009C9B5E /* main.m */,
			);
			path = "Supporting Files";
			sourceTree = "<group>";
		};
/* End PBXGroup section */

/* Begin PBXHeadersBuildPhase section */
		EB1CDB2C141DB07700729A2D /* Headers */ = {
			isa = PBXHeadersBuildPhase;
			buildActionMask = 2147483647;
			files = (
				EB1CDB77141DB63000729A2D /* LTKit.h in Headers */,
				EB1CDB9C141DC09900729A2D /* UIView+LTKAdditions.h in Headers */,
				EB1CDB9F141DC25100729A2D /* LTKitCategories.h in Headers */,
				EBA760A414A0D7ED009713E2 /* UIImageView+LTKAdditions.h in Headers */,
				EBA760B714A0F07F009713E2 /* LTKitUtilities.h in Headers */,
				EBA760BA14A0FFDB009713E2 /* UIGestureRecognizer+LTKAdditions.h in Headers */,
				EB6F265114A21E6900347EE1 /* LTKMath.h in Headers */,
				EB005D0614AD3FF8009A70C9 /* LTKProgressSlider.h in Headers */,
				EB005D0A14AD40E5009A70C9 /* LTKitClasses.h in Headers */,
				EB40BAD514B21B0C006DD25D /* NSTimer+LTKAdditions.h in Headers */,
				EB40BB6E14B733FF006DD25D /* NSObject+LTKAdditions.h in Headers */,
				EB40BB7D14B7505C006DD25D /* CALayer+LTKAdditions.h in Headers */,
				EB6A49A714BF726300D41934 /* AVCaptureSession+LTKAdditions.h in Headers */,
				EBACB14314C61C29009F9D26 /* UIColor+LTKAdditions.h in Headers */,
				EBACB16314C77489009F9D26 /* NSArray+LTKAdditions.h in Headers */,
				EBACB16A14C77602009F9D26 /* NSString+LTKAdditions.h in Headers */,
				EBACB18114CB7ED1009F9D26 /* UIStoryboard+LTKAdditions.h in Headers */,
				EBACB18914CB8718009F9D26 /* UIViewController+LTKAdditions.h in Headers */,
				EB84FC7214CF5BD00086C5A4 /* UIImage+LTKAdditions.h in Headers */,
			);
			runOnlyForDeploymentPostprocessing = 0;
		};
/* End PBXHeadersBuildPhase section */

/* Begin PBXNativeTarget section */
		EB1CDB2D141DB07700729A2D /* LTKit */ = {
			isa = PBXNativeTarget;
			buildConfigurationList = EB1CDB52141DB07800729A2D /* Build configuration list for PBXNativeTarget "LTKit" */;
			buildPhases = (
				EB1CDB2A141DB07700729A2D /* Sources */,
				EB1CDB2B141DB07700729A2D /* Frameworks */,
				EB1CDB2C141DB07700729A2D /* Headers */,
			);
			buildRules = (
			);
			dependencies = (
			);
			name = LTKit;
			productName = LTKit;
			productReference = EB1CDB2E141DB07700729A2D /* libLTKit.a */;
			productType = "com.apple.product-type.library.static";
		};
		EB1CDB3D141DB07800729A2D /* LTKitTests */ = {
			isa = PBXNativeTarget;
			buildConfigurationList = EB1CDB55141DB07800729A2D /* Build configuration list for PBXNativeTarget "LTKitTests" */;
			buildPhases = (
				EB1CDB39141DB07800729A2D /* Sources */,
				EB1CDB3A141DB07800729A2D /* Frameworks */,
				EB1CDB3B141DB07800729A2D /* Resources */,
				EB1CDB3C141DB07800729A2D /* ShellScript */,
			);
			buildRules = (
			);
			dependencies = (
				EB1CDB45141DB07800729A2D /* PBXTargetDependency */,
			);
			name = LTKitTests;
			productName = LTKitTests;
			productReference = EB1CDB3E141DB07800729A2D /* LTKitTests.octest */;
			productType = "com.apple.product-type.bundle";
		};
		EB1CDB5B141DB46E00729A2D /* LTPlayground */ = {
			isa = PBXNativeTarget;
			buildConfigurationList = EB1CDB6E141DB46F00729A2D /* Build configuration list for PBXNativeTarget "LTPlayground" */;
			buildPhases = (
				EB1CDB58141DB46E00729A2D /* Sources */,
				EB1CDB59141DB46E00729A2D /* Frameworks */,
				EB1CDB5A141DB46E00729A2D /* Resources */,
			);
			buildRules = (
			);
			dependencies = (
				EB40BABF14B01B50006DD25D /* PBXTargetDependency */,
			);
			name = LTPlayground;
			productName = LTKitPlayground;
			productReference = EB1CDB5C141DB46E00729A2D /* LTPlayground.app */;
			productType = "com.apple.product-type.application";
		};
/* End PBXNativeTarget section */

/* Begin PBXProject section */
		EB1CDB25141DB07700729A2D /* Project object */ = {
			isa = PBXProject;
			attributes = {
				LastUpgradeCheck = 0430;
				ORGANIZATIONNAME = LucasTizma;
			};
			buildConfigurationList = EB1CDB28141DB07700729A2D /* Build configuration list for PBXProject "LTKit" */;
			compatibilityVersion = "Xcode 3.2";
			developmentRegion = English;
			hasScannedForEncodings = 0;
			knownRegions = (
				en,
			);
			mainGroup = EB1CDB23141DB07700729A2D;
			productRefGroup = EB1CDB2F141DB07700729A2D /* Products */;
			projectDirPath = "";
			projectRoot = "";
			targets = (
				EB1CDB2D141DB07700729A2D /* LTKit */,
				EB1CDB3D141DB07800729A2D /* LTKitTests */,
				EB1CDB5B141DB46E00729A2D /* LTPlayground */,
			);
		};
/* End PBXProject section */

/* Begin PBXResourcesBuildPhase section */
		EB1CDB3B141DB07800729A2D /* Resources */ = {
			isa = PBXResourcesBuildPhase;
			buildActionMask = 2147483647;
			files = (
				EB1CDB90141DB63F00729A2D /* InfoPlist.strings in Resources */,
				EBA760AD14A0DD4E009713E2 /* LTKUIImageViewCategoryTestsSample.png in Resources */,
				EBA760AF14A0E108009713E2 /* LTKUIImageViewCategoryTestsSampleHighlighted.png in Resources */,
			);
			runOnlyForDeploymentPostprocessing = 0;
		};
		EB1CDB5A141DB46E00729A2D /* Resources */ = {
			isa = PBXResourcesBuildPhase;
			buildActionMask = 2147483647;
			files = (
				EBF72BE11445200F009C9B5E /* InfoPlist.strings in Resources */,
				EB005D1B14AF9B02009A70C9 /* LTPStoryboardiPad.storyboard in Resources */,
				EB005D1C14AF9B02009A70C9 /* LTPStoryboardiPhone.storyboard in Resources */,
				EB005D1E14AF9B0C009A70C9 /* LTKit.bundle in Resources */,
				EB40BAC714B13EC1006DD25D /* LTPProgressSliderThumb.png in Resources */,
				EB40BAC814B13EC1006DD25D /* LTPProgressSliderThumb@2x.png in Resources */,
				EB40BAD114B171A5006DD25D /* LTPProgressSliderThumbnail@2x.png in Resources */,
				EB40BAD214B171A5006DD25D /* LTPProgressSliderThumbnail.png in Resources */,
			);
			runOnlyForDeploymentPostprocessing = 0;
		};
/* End PBXResourcesBuildPhase section */

/* Begin PBXShellScriptBuildPhase section */
		EB1CDB3C141DB07800729A2D /* ShellScript */ = {
			isa = PBXShellScriptBuildPhase;
			buildActionMask = 2147483647;
			files = (
			);
			inputPaths = (
			);
			outputPaths = (
			);
			runOnlyForDeploymentPostprocessing = 0;
			shellPath = /bin/sh;
			shellScript = "# Run the unit tests in this test bundle.\n\"${SYSTEM_DEVELOPER_DIR}/Tools/RunUnitTests\"\n";
		};
/* End PBXShellScriptBuildPhase section */

/* Begin PBXSourcesBuildPhase section */
		EB1CDB2A141DB07700729A2D /* Sources */ = {
			isa = PBXSourcesBuildPhase;
			buildActionMask = 2147483647;
			files = (
				EB1CDB9D141DC09900729A2D /* UIView+LTKAdditions.m in Sources */,
				EBA760A514A0D7ED009713E2 /* UIImageView+LTKAdditions.m in Sources */,
				EBA760BB14A0FFDB009713E2 /* UIGestureRecognizer+LTKAdditions.m in Sources */,
				EB005D0714AD3FF8009A70C9 /* LTKProgressSlider.m in Sources */,
				EB40BAD614B21B0C006DD25D /* NSTimer+LTKAdditions.m in Sources */,
				EB40BB6F14B733FF006DD25D /* NSObject+LTKAdditions.m in Sources */,
				EB40BB7E14B7505C006DD25D /* CALayer+LTKAdditions.m in Sources */,
				EB6A49A814BF726300D41934 /* AVCaptureSession+LTKAdditions.m in Sources */,
				EBACB14414C61C29009F9D26 /* UIColor+LTKAdditions.m in Sources */,
				EBACB16414C77489009F9D26 /* NSArray+LTKAdditions.m in Sources */,
				EBACB16B14C77602009F9D26 /* NSString+LTKAdditions.m in Sources */,
				EBACB17614C8077D009F9D26 /* LTKGeometry.m in Sources */,
				EBACB18214CB7ED1009F9D26 /* UIStoryboard+LTKAdditions.m in Sources */,
				EBACB18A14CB8718009F9D26 /* UIViewController+LTKAdditions.m in Sources */,
				EB84FC7314CF5BD00086C5A4 /* UIImage+LTKAdditions.m in Sources */,
			);
			runOnlyForDeploymentPostprocessing = 0;
		};
		EB1CDB39141DB07800729A2D /* Sources */ = {
			isa = PBXSourcesBuildPhase;
			buildActionMask = 2147483647;
			files = (
				EB1CDB8F141DB63F00729A2D /* LTKUIViewCategoryTests.m in Sources */,
				EBA760A914A0D81A009713E2 /* LTKUIImageViewCategoryTests.m in Sources */,
				EBA760C314A1009A009713E2 /* LTKUIGestureRecognizerCategoryTests.m in Sources */,
				EB6F265714A2241F00347EE1 /* LTKGeometryTests.m in Sources */,
				EB6F265A14A227A200347EE1 /* LTKMathTests.m in Sources */,
				EB40BB7314B73457006DD25D /* LTKNSObjectCategoryTests.m in Sources */,
				EB40BB7614B73468006DD25D /* LTKNSTimerCategoryTests.m in Sources */,
				EB40BB7A14B73484006DD25D /* LTKProgressSliderTests.m in Sources */,
				EB40BB8114B75332006DD25D /* LTKCALayerCategoryTests.m in Sources */,
				EB963EC614BFC81B00016509 /* LTKAVCaptureSessionCategoryTests.m in Sources */,
				EBACB14814C62800009F9D26 /* LTKUIColorCategoryTests.m in Sources */,
				EBACB16714C77551009F9D26 /* LTKNSArrayCategoryTests.m in Sources */,
				EBACB16E14C77993009F9D26 /* LTKNSStringCategoryTests.m in Sources */,
				EBACB18614CB81C6009F9D26 /* LTKUIStoryboardCategoryTests.m in Sources */,
				EBACB18D14CB87E9009F9D26 /* LTKUIViewControllerCategoryTests.m in Sources */,
				EB84FC7714CF5C340086C5A4 /* LTKUIImageCategoryTests.m in Sources */,
			);
			runOnlyForDeploymentPostprocessing = 0;
		};
		EB1CDB58141DB46E00729A2D /* Sources */ = {
			isa = PBXSourcesBuildPhase;
			buildActionMask = 2147483647;
			files = (
				EBF72BDE1445200F009C9B5E /* LTPAppDelegate.m in Sources */,
				EBF72BE31445200F009C9B5E /* main.m in Sources */,
				EB005D1314AF8A80009A70C9 /* LTPToyChooserViewController.m in Sources */,
				EB005D1614AF8E22009A70C9 /* LTPProgressSliderViewController.m in Sources */,
			);
			runOnlyForDeploymentPostprocessing = 0;
		};
/* End PBXSourcesBuildPhase section */

/* Begin PBXTargetDependency section */
		EB1CDB45141DB07800729A2D /* PBXTargetDependency */ = {
			isa = PBXTargetDependency;
			target = EB1CDB2D141DB07700729A2D /* LTKit */;
			targetProxy = EB1CDB44141DB07800729A2D /* PBXContainerItemProxy */;
		};
		EB40BABF14B01B50006DD25D /* PBXTargetDependency */ = {
			isa = PBXTargetDependency;
			target = EB1CDB2D141DB07700729A2D /* LTKit */;
			targetProxy = EB40BABE14B01B50006DD25D /* PBXContainerItemProxy */;
		};
/* End PBXTargetDependency section */

/* Begin PBXVariantGroup section */
		EB1CDB8C141DB63F00729A2D /* InfoPlist.strings */ = {
			isa = PBXVariantGroup;
			children = (
				EB1CDB8D141DB63F00729A2D /* en */,
			);
			name = InfoPlist.strings;
			sourceTree = "<group>";
		};
		EBF72BD91445200F009C9B5E /* InfoPlist.strings */ = {
			isa = PBXVariantGroup;
			children = (
				EBF72BDA1445200F009C9B5E /* en */,
			);
			name = InfoPlist.strings;
			sourceTree = "<group>";
		};
/* End PBXVariantGroup section */

/* Begin XCBuildConfiguration section */
		EB1CDB50141DB07800729A2D /* Debug */ = {
			isa = XCBuildConfiguration;
			buildSettings = {
				ALWAYS_SEARCH_USER_PATHS = NO;
				ARCHS = "$(ARCHS_STANDARD_32_BIT)";
				CLANG_ENABLE_OBJC_ARC = YES;
				CLANG_WARN_DEPRECATED_OBJC_IMPLEMENTATIONS = YES;
				CLANG_WARN_IMPLICIT_SIGN_CONVERSION = YES;
				CLANG_WARN_OBJC_IMPLICIT_ATOMIC_PROPERTIES = YES;
				CLANG_WARN_SUSPICIOUS_IMPLICIT_CONVERSION = YES;
				COPY_PHASE_STRIP = NO;
				GCC_C_LANGUAGE_STANDARD = gnu99;
				GCC_DYNAMIC_NO_PIC = NO;
				GCC_OPTIMIZATION_LEVEL = 0;
				GCC_PREPROCESSOR_DEFINITIONS = (
					"DEBUG=1",
					"$(inherited)",
				);
				GCC_SYMBOLS_PRIVATE_EXTERN = NO;
				GCC_TREAT_IMPLICIT_FUNCTION_DECLARATIONS_AS_ERRORS = YES;
				GCC_TREAT_INCOMPATIBLE_POINTER_TYPE_WARNINGS_AS_ERRORS = YES;
				GCC_TREAT_WARNINGS_AS_ERRORS = YES;
				GCC_VERSION = com.apple.compilers.llvm.clang.1_0;
				GCC_WARN_64_TO_32_BIT_CONVERSION = YES;
				GCC_WARN_ABOUT_MISSING_FIELD_INITIALIZERS = YES;
				GCC_WARN_ABOUT_MISSING_PROTOTYPES = YES;
				GCC_WARN_ABOUT_RETURN_TYPE = YES;
				GCC_WARN_INITIALIZER_NOT_FULLY_BRACKETED = YES;
				GCC_WARN_SHADOW = YES;
				GCC_WARN_SIGN_COMPARE = YES;
				GCC_WARN_STRICT_SELECTOR_MATCH = YES;
				GCC_WARN_UNDECLARED_SELECTOR = YES;
				GCC_WARN_UNINITIALIZED_AUTOS = YES;
				GCC_WARN_UNKNOWN_PRAGMAS = YES;
				GCC_WARN_UNUSED_FUNCTION = YES;
				GCC_WARN_UNUSED_LABEL = YES;
				GCC_WARN_UNUSED_VARIABLE = YES;
				IPHONEOS_DEPLOYMENT_TARGET = 5.0;
				RUN_CLANG_STATIC_ANALYZER = YES;
				SDKROOT = iphoneos;
			};
			name = Debug;
		};
		EB1CDB51141DB07800729A2D /* Release */ = {
			isa = XCBuildConfiguration;
			buildSettings = {
				ALWAYS_SEARCH_USER_PATHS = NO;
				ARCHS = "$(ARCHS_STANDARD_32_BIT)";
				CLANG_ENABLE_OBJC_ARC = YES;
				CLANG_WARN_DEPRECATED_OBJC_IMPLEMENTATIONS = YES;
				CLANG_WARN_IMPLICIT_SIGN_CONVERSION = YES;
				CLANG_WARN_OBJC_IMPLICIT_ATOMIC_PROPERTIES = YES;
				CLANG_WARN_SUSPICIOUS_IMPLICIT_CONVERSION = YES;
				COPY_PHASE_STRIP = YES;
				GCC_C_LANGUAGE_STANDARD = gnu99;
				GCC_TREAT_IMPLICIT_FUNCTION_DECLARATIONS_AS_ERRORS = YES;
				GCC_TREAT_INCOMPATIBLE_POINTER_TYPE_WARNINGS_AS_ERRORS = YES;
				GCC_TREAT_WARNINGS_AS_ERRORS = YES;
				GCC_VERSION = com.apple.compilers.llvm.clang.1_0;
				GCC_WARN_64_TO_32_BIT_CONVERSION = YES;
				GCC_WARN_ABOUT_MISSING_FIELD_INITIALIZERS = YES;
				GCC_WARN_ABOUT_MISSING_PROTOTYPES = YES;
				GCC_WARN_ABOUT_RETURN_TYPE = YES;
				GCC_WARN_INITIALIZER_NOT_FULLY_BRACKETED = YES;
				GCC_WARN_SHADOW = YES;
				GCC_WARN_SIGN_COMPARE = YES;
				GCC_WARN_STRICT_SELECTOR_MATCH = YES;
				GCC_WARN_UNDECLARED_SELECTOR = YES;
				GCC_WARN_UNINITIALIZED_AUTOS = YES;
				GCC_WARN_UNKNOWN_PRAGMAS = YES;
				GCC_WARN_UNUSED_FUNCTION = YES;
				GCC_WARN_UNUSED_LABEL = YES;
				GCC_WARN_UNUSED_VARIABLE = YES;
				IPHONEOS_DEPLOYMENT_TARGET = 5.0;
				RUN_CLANG_STATIC_ANALYZER = YES;
				SDKROOT = iphoneos;
				VALIDATE_PRODUCT = YES;
			};
			name = Release;
		};
		EB1CDB53141DB07800729A2D /* Debug */ = {
			isa = XCBuildConfiguration;
			buildSettings = {
				DSTROOT = /tmp/LTKit.dst;
				FRAMEWORK_SEARCH_PATHS = (
					"$(inherited)",
					"\"$(DEVELOPER_FRAMEWORKS_DIR)\"",
				);
				GCC_PRECOMPILE_PREFIX_HEADER = NO;
				OTHER_LDFLAGS = (
					"-all_load",
					"-ObjC",
				);
				PRODUCT_NAME = "$(TARGET_NAME)";
				SKIP_INSTALL = YES;
			};
			name = Debug;
		};
		EB1CDB54141DB07800729A2D /* Release */ = {
			isa = XCBuildConfiguration;
			buildSettings = {
				DSTROOT = /tmp/LTKit.dst;
				FRAMEWORK_SEARCH_PATHS = (
					"$(inherited)",
					"\"$(DEVELOPER_FRAMEWORKS_DIR)\"",
				);
				GCC_PRECOMPILE_PREFIX_HEADER = NO;
				OTHER_LDFLAGS = (
					"-all_load",
					"-ObjC",
				);
				PRODUCT_NAME = "$(TARGET_NAME)";
				SKIP_INSTALL = YES;
			};
			name = Release;
		};
		EB1CDB56141DB07800729A2D /* Debug */ = {
			isa = XCBuildConfiguration;
			buildSettings = {
				FRAMEWORK_SEARCH_PATHS = (
					"$(SDKROOT)/Developer/Library/Frameworks",
					"$(DEVELOPER_LIBRARY_DIR)/Frameworks",
				);
				GCC_PRECOMPILE_PREFIX_HEADER = NO;
				GCC_WARN_UNUSED_VALUE = NO;
				INFOPLIST_FILE = "LTKitTests/Supporting Files/LTKitTests-Info.plist";
				OTHER_LDFLAGS = (
					"-ObjC",
					"-all_load",
				);
				PRODUCT_NAME = "$(TARGET_NAME)";
				WRAPPER_EXTENSION = octest;
			};
			name = Debug;
		};
		EB1CDB57141DB07800729A2D /* Release */ = {
			isa = XCBuildConfiguration;
			buildSettings = {
				FRAMEWORK_SEARCH_PATHS = (
					"$(SDKROOT)/Developer/Library/Frameworks",
					"$(DEVELOPER_LIBRARY_DIR)/Frameworks",
				);
				GCC_PRECOMPILE_PREFIX_HEADER = NO;
				GCC_WARN_UNUSED_VALUE = NO;
				INFOPLIST_FILE = "LTKitTests/Supporting Files/LTKitTests-Info.plist";
				OTHER_LDFLAGS = (
					"-ObjC",
					"-all_load",
				);
				PRODUCT_NAME = "$(TARGET_NAME)";
				WRAPPER_EXTENSION = octest;
			};
			name = Release;
		};
		EB1CDB6F141DB46F00729A2D /* Debug */ = {
			isa = XCBuildConfiguration;
			buildSettings = {
				"CODE_SIGN_IDENTITY[sdk=iphoneos*]" = "iPhone Developer";
				FRAMEWORK_SEARCH_PATHS = (
					"$(inherited)",
					"\"$(DEVELOPER_FRAMEWORKS_DIR)\"",
				);
				GCC_PRECOMPILE_PREFIX_HEADER = YES;
				GCC_PREFIX_HEADER = "LTPlayground/Supporting Files/LTPlayground-Prefix.pch";
				INFOPLIST_FILE = "LTPlayground/Supporting Files/LTPlayground-Info.plist";
				OTHER_LDFLAGS = (
					"-all_load",
					"-ObjC",
				);
				PRODUCT_NAME = "$(TARGET_NAME)";
				TARGETED_DEVICE_FAMILY = "1,2";
				WRAPPER_EXTENSION = app;
			};
			name = Debug;
		};
		EB1CDB70141DB46F00729A2D /* Release */ = {
			isa = XCBuildConfiguration;
			buildSettings = {
				"CODE_SIGN_IDENTITY[sdk=iphoneos*]" = "iPhone Developer";
				FRAMEWORK_SEARCH_PATHS = (
					"$(inherited)",
					"\"$(DEVELOPER_FRAMEWORKS_DIR)\"",
				);
				GCC_PRECOMPILE_PREFIX_HEADER = YES;
				GCC_PREFIX_HEADER = "LTPlayground/Supporting Files/LTPlayground-Prefix.pch";
				INFOPLIST_FILE = "LTPlayground/Supporting Files/LTPlayground-Info.plist";
				OTHER_CFLAGS = "-DNS_BLOCK_ASSERTIONS=1";
				OTHER_LDFLAGS = (
					"-all_load",
					"-ObjC",
				);
				PRODUCT_NAME = "$(TARGET_NAME)";
				TARGETED_DEVICE_FAMILY = "1,2";
				WRAPPER_EXTENSION = app;
			};
			name = Release;
		};
/* End XCBuildConfiguration section */

/* Begin XCConfigurationList section */
		EB1CDB28141DB07700729A2D /* Build configuration list for PBXProject "LTKit" */ = {
			isa = XCConfigurationList;
			buildConfigurations = (
				EB1CDB50141DB07800729A2D /* Debug */,
				EB1CDB51141DB07800729A2D /* Release */,
			);
			defaultConfigurationIsVisible = 0;
			defaultConfigurationName = Release;
		};
		EB1CDB52141DB07800729A2D /* Build configuration list for PBXNativeTarget "LTKit" */ = {
			isa = XCConfigurationList;
			buildConfigurations = (
				EB1CDB53141DB07800729A2D /* Debug */,
				EB1CDB54141DB07800729A2D /* Release */,
			);
			defaultConfigurationIsVisible = 0;
			defaultConfigurationName = Release;
		};
		EB1CDB55141DB07800729A2D /* Build configuration list for PBXNativeTarget "LTKitTests" */ = {
			isa = XCConfigurationList;
			buildConfigurations = (
				EB1CDB56141DB07800729A2D /* Debug */,
				EB1CDB57141DB07800729A2D /* Release */,
			);
			defaultConfigurationIsVisible = 0;
			defaultConfigurationName = Release;
		};
		EB1CDB6E141DB46F00729A2D /* Build configuration list for PBXNativeTarget "LTPlayground" */ = {
			isa = XCConfigurationList;
			buildConfigurations = (
				EB1CDB6F141DB46F00729A2D /* Debug */,
				EB1CDB70141DB46F00729A2D /* Release */,
			);
			defaultConfigurationIsVisible = 0;
			defaultConfigurationName = Release;
		};
/* End XCConfigurationList section */
	};
	rootObject = EB1CDB25141DB07700729A2D /* Project object */;
}
